<Solution>
  <Folder Name="/AzureOpenAI/">
    <Project Path="Minichat/Minichat.csproj" />
    <Project Path="MiniStreamingChat/MiniStreamingChat.csproj" />
  </Folder>
  <Folder Name="/ExtensionsAI/">
    <Project Path="MinichatExt/MinichatExt.csproj" />
    <Project Path="MiniStreamingChatExt/MiniStreamingChatExt.csproj" />
  </Folder>
  <Folder Name="/Solution Items/">
    <File Path=".editorconfig" />
    <File Path="Readme.md" />
  </Folder>
  <Folder Name="/_Experimental/">
    <Project Path="Speech/Speech.csproj" />
  </Folder>
  <Project Path="ChatAndMultipleMcps/ChatAndMultipleMcps.csproj" Id="604ce613-ddf5-4d36-95d0-90b5ee7d3675" />
  <Project Path="McpClientUtilities/McpClientUtilities.csproj" Id="790f51d7-c799-45b9-8e53-885730577148" />
  <Project Path="Similarities/Similarities.csproj" />
</Solution>
